
Microsoft Visual Studio Solution File, Format Version 12.00
# Visual Studio Version 17
VisualStudioVersion = 17.9.34607.119
MinimumVisualStudioVersion = 10.0.40219.1
Project("{9A19103F-16F7-4668-BE54-9A1E7A4F7556}") = "Snowbreak_Rusifikator", "Snowbreak_Rusifikator\Snowbreak_Rusifikator.csproj", "{CEEAC26C-A631-4C0A-B572-ADE892907200}"
EndProject
Project("{9A19103F-16F7-4668-BE54-9A1E7A4F7556}") = "Snowbreak_Rusifikator.Android", "Snowbreak_Rusifikator.Android\Snowbreak_Rusifikator.Android.csproj", "{C6E96B80-8719-42AB-A457-79799EBA42CC}"
EndProject
Project("{9A19103F-16F7-4668-BE54-9A1E7A4F7556}") = "Snowbreak_Rusifikator.Desktop", "Snowbreak_Rusifikator.Desktop\Snowbreak_Rusifikator.Desktop.csproj", "{9CE260CB-EE4B-4751-AD3B-8F58FB6C1369}"
EndProject
Global
	GlobalSection(SolutionConfigurationPlatforms) = preSolution
		Debug|Any CPU = Debug|Any CPU
		Release|Any CPU = Release|Any CPU
	EndGlobalSection
	GlobalSection(ProjectConfigurationPlatforms) = postSolution
		{CEEAC26C-A631-4C0A-B572-ADE892907200}.Debug|Any CPU.ActiveCfg = Debug|Any CPU
		{CEEAC26C-A631-4C0A-B572-ADE892907200}.Debug|Any CPU.Build.0 = Debug|Any CPU
		{CEEAC26C-A631-4C0A-B572-ADE892907200}.Release|Any CPU.ActiveCfg = Release|Any CPU
		{CEEAC26C-A631-4C0A-B572-ADE892907200}.Release|Any CPU.Build.0 = Release|Any CPU
		{C6E96B80-8719-42AB-A457-79799EBA42CC}.Debug|Any CPU.ActiveCfg = Debug|Any CPU
		{C6E96B80-8719-42AB-A457-79799EBA42CC}.Debug|Any CPU.Build.0 = Debug|Any CPU
		{C6E96B80-8719-42AB-A457-79799EBA42CC}.Debug|Any CPU.Deploy.0 = Debug|Any CPU
		{C6E96B80-8719-42AB-A457-79799EBA42CC}.Release|Any CPU.ActiveCfg = Release|Any CPU
		{C6E96B80-8719-42AB-A457-79799EBA42CC}.Release|Any CPU.Build.0 = Release|Any CPU
		{C6E96B80-8719-42AB-A457-79799EBA42CC}.Release|Any CPU.Deploy.0 = Release|Any CPU
		{9CE260CB-EE4B-4751-AD3B-8F58FB6C1369}.Debug|Any CPU.ActiveCfg = Debug|Any CPU
		{9CE260CB-EE4B-4751-AD3B-8F58FB6C1369}.Debug|Any CPU.Build.0 = Debug|Any CPU
		{9CE260CB-EE4B-4751-AD3B-8F58FB6C1369}.Release|Any CPU.ActiveCfg = Release|Any CPU
		{9CE260CB-EE4B-4751-AD3B-8F58FB6C1369}.Release|Any CPU.Build.0 = Release|Any CPU
	EndGlobalSection
	GlobalSection(SolutionProperties) = preSolution
		HideSolutionNode = FALSE
	EndGlobalSection
	GlobalSection(ExtensibilityGlobals) = postSolution
		SolutionGuid = {62644C73-ABAC-472F-8256-B5DCF73C1BCB}
	EndGlobalSection
EndGlobal
